
Microsoft Visual Studio Solution File, Format Version 12.00
# Visual Studio Version 16
VisualStudioVersion = 16.0.29709.97
MinimumVisualStudioVersion = 10.0.40219.1
Project("{8BC9CEB8-8B4A-11D0-8D11-00A0C91BC942}") = "BypassUAC", "BypassUAC\BypassUAC.vcxproj", "{F33C71FA-7FD7-46E4-B6BA-EE06DC665185}"
EndProject
Project("{FAE04EC0-301F-11D3-BF4B-00C04F79EFBC}") = "BypassUAC_csharp", "BypassUAC_csharp\BypassUAC_csharp.csproj", "{CEC553A7-1370-4BBC-9AAE-B2F5DBDE32B0}"
EndProject
Global
	GlobalSection(SolutionConfigurationPlatforms) = preSolution
		Debug|Any CPU = Debug|Any CPU
		Debug|x64 = Debug|x64
		Debug|x86 = Debug|x86
		Release|Any CPU = Release|Any CPU
		Release|x64 = Release|x64
		Release|x86 = Release|x86
	EndGlobalSection
	GlobalSection(ProjectConfigurationPlatforms) = postSolution
		{F33C71FA-7FD7-46E4-B6BA-EE06DC665185}.Debug|Any CPU.ActiveCfg = Debug|Win32
		{F33C71FA-7FD7-46E4-B6BA-EE06DC665185}.Debug|x64.ActiveCfg = Debug|x64
		{F33C71FA-7FD7-46E4-B6BA-EE06DC665185}.Debug|x64.Build.0 = Debug|x64
		{F33C71FA-7FD7-46E4-B6BA-EE06DC665185}.Debug|x86.ActiveCfg = Debug|Win32
		{F33C71FA-7FD7-46E4-B6BA-EE06DC665185}.Debug|x86.Build.0 = Debug|Win32
		{F33C71FA-7FD7-46E4-B6BA-EE06DC665185}.Release|Any CPU.ActiveCfg = Release|Win32
		{F33C71FA-7FD7-46E4-B6BA-EE06DC665185}.Release|x64.ActiveCfg = Release|x64
		{F33C71FA-7FD7-46E4-B6BA-EE06DC665185}.Release|x64.Build.0 = Release|x64
		{F33C71FA-7FD7-46E4-B6BA-EE06DC665185}.Release|x86.ActiveCfg = Release|Win32
		{F33C71FA-7FD7-46E4-B6BA-EE06DC665185}.Release|x86.Build.0 = Release|Win32
		{BDD5D05F-73C1-4DE3-9198-CFB1F3112D71}.Debug|Any CPU.ActiveCfg = Debug|Win32
		{BDD5D05F-73C1-4DE3-9198-CFB1F3112D71}.Debug|x64.ActiveCfg = Debug|x64
		{BDD5D05F-73C1-4DE3-9198-CFB1F3112D71}.Debug|x64.Build.0 = Debug|x64
		{BDD5D05F-73C1-4DE3-9198-CFB1F3112D71}.Debug|x86.ActiveCfg = Debug|Win32
		{BDD5D05F-73C1-4DE3-9198-CFB1F3112D71}.Debug|x86.Build.0 = Debug|Win32
		{BDD5D05F-73C1-4DE3-9198-CFB1F3112D71}.Release|Any CPU.ActiveCfg = Release|Win32
		{BDD5D05F-73C1-4DE3-9198-CFB1F3112D71}.Release|x64.ActiveCfg = Release|x64
		{BDD5D05F-73C1-4DE3-9198-CFB1F3112D71}.Release|x64.Build.0 = Release|x64
		{BDD5D05F-73C1-4DE3-9198-CFB1F3112D71}.Release|x86.ActiveCfg = Release|Win32
		{BDD5D05F-73C1-4DE3-9198-CFB1F3112D71}.Release|x86.Build.0 = Release|Win32
		{CEC553A7-1370-4BBC-9AAE-B2F5DBDE32B0}.Debug|Any CPU.ActiveCfg = Debug|Any CPU
		{CEC553A7-1370-4BBC-9AAE-B2F5DBDE32B0}.Debug|Any CPU.Build.0 = Debug|Any CPU
		{CEC553A7-1370-4BBC-9AAE-B2F5DBDE32B0}.Debug|x64.ActiveCfg = Debug|x64
		{CEC553A7-1370-4BBC-9AAE-B2F5DBDE32B0}.Debug|x64.Build.0 = Debug|x64
		{CEC553A7-1370-4BBC-9AAE-B2F5DBDE32B0}.Debug|x86.ActiveCfg = Debug|Any CPU
		{CEC553A7-1370-4BBC-9AAE-B2F5DBDE32B0}.Debug|x86.Build.0 = Debug|Any CPU
		{CEC553A7-1370-4BBC-9AAE-B2F5DBDE32B0}.Release|Any CPU.ActiveCfg = Release|Any CPU
		{CEC553A7-1370-4BBC-9AAE-B2F5DBDE32B0}.Release|Any CPU.Build.0 = Release|Any CPU
		{CEC553A7-1370-4BBC-9AAE-B2F5DBDE32B0}.Release|x64.ActiveCfg = Release|x64
		{CEC553A7-1370-4BBC-9AAE-B2F5DBDE32B0}.Release|x64.Build.0 = Release|x64
		{CEC553A7-1370-4BBC-9AAE-B2F5DBDE32B0}.Release|x86.ActiveCfg = Release|Any CPU
		{CEC553A7-1370-4BBC-9AAE-B2F5DBDE32B0}.Release|x86.Build.0 = Release|Any CPU
	EndGlobalSection
	GlobalSection(SolutionProperties) = preSolution
		HideSolutionNode = FALSE
	EndGlobalSection
	GlobalSection(ExtensibilityGlobals) = postSolution
		SolutionGuid = {65F2F789-CD89-4AFA-B91E-5CC8667377D1}
	EndGlobalSection
EndGlobal
